
Microsoft Visual Studio Solution File, Format Version 12.00
# Visual Studio 15
VisualStudioVersion = 15.0.27703.2042
MinimumVisualStudioVersion = 10.0.40219.1
Project("{FAE04EC0-301F-11D3-BF4B-00C04F79EFBC}") = "Twilight.Android", "Twilight\Twilight.Android\Twilight.Android.csproj", "{5752B93C-02B7-4D6C-B251-A2516FA9442B}"
EndProject
Project("{FAE04EC0-301F-11D3-BF4B-00C04F79EFBC}") = "Twilight.iOS", "Twilight\Twilight.iOS\Twilight.iOS.csproj", "{ED364851-105F-4286-9851-40B37A3FBD42}"
EndProject
Project("{FAE04EC0-301F-11D3-BF4B-00C04F79EFBC}") = "Twilight.UWP", "Twilight\Twilight.UWP\Twilight.UWP.csproj", "{9BFB587E-752E-4181-90C6-813AB41E5ACD}"
EndProject
Project("{D954291E-2A0B-460D-934E-DC6B0785DB48}") = "Twilight", "Twilight\Twilight\Twilight.shproj", "{601B33CC-8A8D-40FE-B1CA-0305AD4D0BB8}"
EndProject
Global
	GlobalSection(SharedMSBuildProjectFiles) = preSolution
		Twilight\Twilight\Twilight.projitems*{5752b93c-02b7-4d6c-b251-a2516fa9442b}*SharedItemsImports = 4
		Twilight\Twilight\Twilight.projitems*{601b33cc-8a8d-40fe-b1ca-0305ad4d0bb8}*SharedItemsImports = 13
		Twilight\Twilight\Twilight.projitems*{9bfb587e-752e-4181-90c6-813ab41e5acd}*SharedItemsImports = 4
		Twilight\Twilight\Twilight.projitems*{ed364851-105f-4286-9851-40b37a3fbd42}*SharedItemsImports = 4
	EndGlobalSection
	GlobalSection(SolutionConfigurationPlatforms) = preSolution
		Ad-Hoc|Any CPU = Ad-Hoc|Any CPU
		Ad-Hoc|ARM = Ad-Hoc|ARM
		Ad-Hoc|iPhone = Ad-Hoc|iPhone
		Ad-Hoc|iPhoneSimulator = Ad-Hoc|iPhoneSimulator
		Ad-Hoc|x64 = Ad-Hoc|x64
		Ad-Hoc|x86 = Ad-Hoc|x86
		AppStore|Any CPU = AppStore|Any CPU
		AppStore|ARM = AppStore|ARM
		AppStore|iPhone = AppStore|iPhone
		AppStore|iPhoneSimulator = AppStore|iPhoneSimulator
		AppStore|x64 = AppStore|x64
		AppStore|x86 = AppStore|x86
		Debug|Any CPU = Debug|Any CPU
		Debug|ARM = Debug|ARM
		Debug|iPhone = Debug|iPhone
		Debug|iPhoneSimulator = Debug|iPhoneSimulator
		Debug|x64 = Debug|x64
		Debug|x86 = Debug|x86
		Release|Any CPU = Release|Any CPU
		Release|ARM = Release|ARM
		Release|iPhone = Release|iPhone
		Release|iPhoneSimulator = Release|iPhoneSimulator
		Release|x64 = Release|x64
		Release|x86 = Release|x86
	EndGlobalSection
	GlobalSection(ProjectConfigurationPlatforms) = postSolution
		{5752B93C-02B7-4D6C-B251-A2516FA9442B}.Ad-Hoc|Any CPU.ActiveCfg = Release|Any CPU
		{5752B93C-02B7-4D6C-B251-A2516FA9442B}.Ad-Hoc|Any CPU.Build.0 = Release|Any CPU
		{5752B93C-02B7-4D6C-B251-A2516FA9442B}.Ad-Hoc|Any CPU.Deploy.0 = Release|Any CPU
		{5752B93C-02B7-4D6C-B251-A2516FA9442B}.Ad-Hoc|ARM.ActiveCfg = Release|Any CPU
		{5752B93C-02B7-4D6C-B251-A2516FA9442B}.Ad-Hoc|ARM.Build.0 = Release|Any CPU
		{5752B93C-02B7-4D6C-B251-A2516FA9442B}.Ad-Hoc|ARM.Deploy.0 = Release|Any CPU
		{5752B93C-02B7-4D6C-B251-A2516FA9442B}.Ad-Hoc|iPhone.ActiveCfg = Release|Any CPU
		{5752B93C-02B7-4D6C-B251-A2516FA9442B}.Ad-Hoc|iPhone.Build.0 = Release|Any CPU
		{5752B93C-02B7-4D6C-B251-A2516FA9442B}.Ad-Hoc|iPhone.Deploy.0 = Release|Any CPU
		{5752B93C-02B7-4D6C-B251-A2516FA9442B}.Ad-Hoc|iPhoneSimulator.ActiveCfg = Release|Any CPU
		{5752B93C-02B7-4D6C-B251-A2516FA9442B}.Ad-Hoc|iPhoneSimulator.Build.0 = Release|Any CPU
		{5752B93C-02B7-4D6C-B251-A2516FA9442B}.Ad-Hoc|iPhoneSimulator.Deploy.0 = Release|Any CPU
		{5752B93C-02B7-4D6C-B251-A2516FA9442B}.Ad-Hoc|x64.ActiveCfg = Release|Any CPU
		{5752B93C-02B7-4D6C-B251-A2516FA9442B}.Ad-Hoc|x64.Build.0 = Release|Any CPU
		{5752B93C-02B7-4D6C-B251-A2516FA9442B}.Ad-Hoc|x64.Deploy.0 = Release|Any CPU
		{5752B93C-02B7-4D6C-B251-A2516FA9442B}.Ad-Hoc|x86.ActiveCfg = Release|Any CPU
		{5752B93C-02B7-4D6C-B251-A2516FA9442B}.Ad-Hoc|x86.Build.0 = Release|Any CPU
		{5752B93C-02B7-4D6C-B251-A2516FA9442B}.Ad-Hoc|x86.Deploy.0 = Release|Any CPU
		{5752B93C-02B7-4D6C-B251-A2516FA9442B}.AppStore|Any CPU.ActiveCfg = Release|Any CPU
		{5752B93C-02B7-4D6C-B251-A2516FA9442B}.AppStore|Any CPU.Build.0 = Release|Any CPU
		{5752B93C-02B7-4D6C-B251-A2516FA9442B}.AppStore|Any CPU.Deploy.0 = Release|Any CPU
		{5752B93C-02B7-4D6C-B251-A2516FA9442B}.AppStore|ARM.ActiveCfg = Release|Any CPU
		{5752B93C-02B7-4D6C-B251-A2516FA9442B}.AppStore|ARM.Build.0 = Release|Any CPU
		{5752B93C-02B7-4D6C-B251-A2516FA9442B}.AppStore|ARM.Deploy.0 = Release|Any CPU
		{5752B93C-02B7-4D6C-B251-A2516FA9442B}.AppStore|iPhone.ActiveCfg = Release|Any CPU
		{5752B93C-02B7-4D6C-B251-A2516FA9442B}.AppStore|iPhone.Build.0 = Release|Any CPU
		{5752B93C-02B7-4D6C-B251-A2516FA9442B}.AppStore|iPhone.Deploy.0 = Release|Any CPU
		{5752B93C-02B7-4D6C-B251-A2516FA9442B}.AppStore|iPhoneSimulator.ActiveCfg = Release|Any CPU
		{5752B93C-02B7-4D6C-B251-A2516FA9442B}.AppStore|iPhoneSimulator.Build.0 = Release|Any CPU
		{5752B93C-02B7-4D6C-B251-A2516FA9442B}.AppStore|iPhoneSimulator.Deploy.0 = Release|Any CPU
		{5752B93C-02B7-4D6C-B251-A2516FA9442B}.AppStore|x64.ActiveCfg = Release|Any CPU
		{5752B93C-02B7-4D6C-B251-A2516FA9442B}.AppStore|x64.Build.0 = Release|Any CPU
		{5752B93C-02B7-4D6C-B251-A2516FA9442B}.AppStore|x64.Deploy.0 = Release|Any CPU
		{5752B93C-02B7-4D6C-B251-A2516FA9442B}.AppStore|x86.ActiveCfg = Release|Any CPU
		{5752B93C-02B7-4D6C-B251-A2516FA9442B}.AppStore|x86.Build.0 = Release|Any CPU
		{5752B93C-02B7-4D6C-B251-A2516FA9442B}.AppStore|x86.Deploy.0 = Release|Any CPU
		{5752B93C-02B7-4D6C-B251-A2516FA9442B}.Debug|Any CPU.ActiveCfg = Debug|Any CPU
		{5752B93C-02B7-4D6C-B251-A2516FA9442B}.Debug|Any CPU.Build.0 = Debug|Any CPU
		{5752B93C-02B7-4D6C-B251-A2516FA9442B}.Debug|Any CPU.Deploy.0 = Debug|Any CPU
		{5752B93C-02B7-4D6C-B251-A2516FA9442B}.Debug|ARM.ActiveCfg = Debug|Any CPU
		{5752B93C-02B7-4D6C-B251-A2516FA9442B}.Debug|ARM.Build.0 = Debug|Any CPU
		{5752B93C-02B7-4D6C-B251-A2516FA9442B}.Debug|ARM.Deploy.0 = Debug|Any CPU
		{5752B93C-02B7-4D6C-B251-A2516FA9442B}.Debug|iPhone.ActiveCfg = Debug|Any CPU
		{5752B93C-02B7-4D6C-B251-A2516FA9442B}.Debug|iPhone.Build.0 = Debug|Any CPU
		{5752B93C-02B7-4D6C-B251-A2516FA9442B}.Debug|iPhone.Deploy.0 = Debug|Any CPU
		{5752B93C-02B7-4D6C-B251-A2516FA9442B}.Debug|iPhoneSimulator.ActiveCfg = Debug|Any CPU
		{5752B93C-02B7-4D6C-B251-A2516FA9442B}.Debug|iPhoneSimulator.Build.0 = Debug|Any CPU
		{5752B93C-02B7-4D6C-B251-A2516FA9442B}.Debug|iPhoneSimulator.Deploy.0 = Debug|Any CPU
		{5752B93C-02B7-4D6C-B251-A2516FA9442B}.Debug|x64.ActiveCfg = Debug|Any CPU
		{5752B93C-02B7-4D6C-B251-A2516FA9442B}.Debug|x64.Build.0 = Debug|Any CPU
		{5752B93C-02B7-4D6C-B251-A2516FA9442B}.Debug|x64.Deploy.0 = Debug|Any CPU
		{5752B93C-02B7-4D6C-B251-A2516FA9442B}.Debug|x86.ActiveCfg = Debug|Any CPU
		{5752B93C-02B7-4D6C-B251-A2516FA9442B}.Debug|x86.Build.0 = Debug|Any CPU
		{5752B93C-02B7-4D6C-B251-A2516FA9442B}.Debug|x86.Deploy.0 = Debug|Any CPU
		{5752B93C-02B7-4D6C-B251-A2516FA9442B}.Release|Any CPU.ActiveCfg = Release|Any CPU
		{5752B93C-02B7-4D6C-B251-A2516FA9442B}.Release|Any CPU.Build.0 = Release|Any CPU
		{5752B93C-02B7-4D6C-B251-A2516FA9442B}.Release|Any CPU.Deploy.0 = Release|Any CPU
		{5752B93C-02B7-4D6C-B251-A2516FA9442B}.Release|ARM.ActiveCfg = Release|Any CPU
		{5752B93C-02B7-4D6C-B251-A2516FA9442B}.Release|ARM.Build.0 = Release|Any CPU
		{5752B93C-02B7-4D6C-B251-A2516FA9442B}.Release|ARM.Deploy.0 = Release|Any CPU
		{5752B93C-02B7-4D6C-B251-A2516FA9442B}.Release|iPhone.ActiveCfg = Release|Any CPU
		{5752B93C-02B7-4D6C-B251-A2516FA9442B}.Release|iPhone.Build.0 = Release|Any CPU
		{5752B93C-02B7-4D6C-B251-A2516FA9442B}.Release|iPhone.Deploy.0 = Release|Any CPU
		{5752B93C-02B7-4D6C-B251-A2516FA9442B}.Release|iPhoneSimulator.ActiveCfg = Release|Any CPU
		{5752B93C-02B7-4D6C-B251-A2516FA9442B}.Release|iPhoneSimulator.Build.0 = Release|Any CPU
		{5752B93C-02B7-4D6C-B251-A2516FA9442B}.Release|iPhoneSimulator.Deploy.0 = Release|Any CPU
		{5752B93C-02B7-4D6C-B251-A2516FA9442B}.Release|x64.ActiveCfg = Release|Any CPU
		{5752B93C-02B7-4D6C-B251-A2516FA9442B}.Release|x64.Build.0 = Release|Any CPU
		{5752B93C-02B7-4D6C-B251-A2516FA9442B}.Release|x64.Deploy.0 = Release|Any CPU
		{5752B93C-02B7-4D6C-B251-A2516FA9442B}.Release|x86.ActiveCfg = Release|Any CPU
		{5752B93C-02B7-4D6C-B251-A2516FA9442B}.Release|x86.Build.0 = Release|Any CPU
		{5752B93C-02B7-4D6C-B251-A2516FA9442B}.Release|x86.Deploy.0 = Release|Any CPU
		{ED364851-105F-4286-9851-40B37A3FBD42}.Ad-Hoc|Any CPU.ActiveCfg = Ad-Hoc|iPhone
		{ED364851-105F-4286-9851-40B37A3FBD42}.Ad-Hoc|Any CPU.Build.0 = Ad-Hoc|iPhone
		{ED364851-105F-4286-9851-40B37A3FBD42}.Ad-Hoc|Any CPU.Deploy.0 = Ad-Hoc|iPhone
		{ED364851-105F-4286-9851-40B37A3FBD42}.Ad-Hoc|ARM.ActiveCfg = Ad-Hoc|iPhone
		{ED364851-105F-4286-9851-40B37A3FBD42}.Ad-Hoc|ARM.Build.0 = Ad-Hoc|iPhone
		{ED364851-105F-4286-9851-40B37A3FBD42}.Ad-Hoc|ARM.Deploy.0 = Ad-Hoc|iPhone
		{ED364851-105F-4286-9851-40B37A3FBD42}.Ad-Hoc|iPhone.ActiveCfg = Ad-Hoc|iPhone
		{ED364851-105F-4286-9851-40B37A3FBD42}.Ad-Hoc|iPhone.Build.0 = Ad-Hoc|iPhone
		{ED364851-105F-4286-9851-40B37A3FBD42}.Ad-Hoc|iPhone.Deploy.0 = Ad-Hoc|iPhone
		{ED364851-105F-4286-9851-40B37A3FBD42}.Ad-Hoc|iPhoneSimulator.ActiveCfg = Ad-Hoc|iPhoneSimulator
		{ED364851-105F-4286-9851-40B37A3FBD42}.Ad-Hoc|iPhoneSimulator.Build.0 = Ad-Hoc|iPhoneSimulator
		{ED364851-105F-4286-9851-40B37A3FBD42}.Ad-Hoc|iPhoneSimulator.Deploy.0 = Ad-Hoc|iPhoneSimulator
		{ED364851-105F-4286-9851-40B37A3FBD42}.Ad-Hoc|x64.ActiveCfg = Ad-Hoc|iPhone
		{ED364851-105F-4286-9851-40B37A3FBD42}.Ad-Hoc|x64.Build.0 = Ad-Hoc|iPhone
		{ED364851-105F-4286-9851-40B37A3FBD42}.Ad-Hoc|x64.Deploy.0 = Ad-Hoc|iPhone
		{ED364851-105F-4286-9851-40B37A3FBD42}.Ad-Hoc|x86.ActiveCfg = Ad-Hoc|iPhone
		{ED364851-105F-4286-9851-40B37A3FBD42}.Ad-Hoc|x86.Build.0 = Ad-Hoc|iPhone
		{ED364851-105F-4286-9851-40B37A3FBD42}.Ad-Hoc|x86.Deploy.0 = Ad-Hoc|iPhone
		{ED364851-105F-4286-9851-40B37A3FBD42}.AppStore|Any CPU.ActiveCfg = AppStore|iPhone
		{ED364851-105F-4286-9851-40B37A3FBD42}.AppStore|Any CPU.Build.0 = AppStore|iPhone
		{ED364851-105F-4286-9851-40B37A3FBD42}.AppStore|Any CPU.Deploy.0 = AppStore|iPhone
		{ED364851-105F-4286-9851-40B37A3FBD42}.AppStore|ARM.ActiveCfg = AppStore|iPhone
		{ED364851-105F-4286-9851-40B37A3FBD42}.AppStore|ARM.Build.0 = AppStore|iPhone
		{ED364851-105F-4286-9851-40B37A3FBD42}.AppStore|ARM.Deploy.0 = AppStore|iPhone
		{ED364851-105F-4286-9851-40B37A3FBD42}.AppStore|iPhone.ActiveCfg = AppStore|iPhone
		{ED364851-105F-4286-9851-40B37A3FBD42}.AppStore|iPhone.Build.0 = AppStore|iPhone
		{ED364851-105F-4286-9851-40B37A3FBD42}.AppStore|iPhone.Deploy.0 = AppStore|iPhone
		{ED364851-105F-4286-9851-40B37A3FBD42}.AppStore|iPhoneSimulator.ActiveCfg = AppStore|iPhoneSimulator
		{ED364851-105F-4286-9851-40B37A3FBD42}.AppStore|iPhoneSimulator.Build.0 = AppStore|iPhoneSimulator
		{ED364851-105F-4286-9851-40B37A3FBD42}.AppStore|iPhoneSimulator.Deploy.0 = AppStore|iPhoneSimulator
		{ED364851-105F-4286-9851-40B37A3FBD42}.AppStore|x64.ActiveCfg = AppStore|iPhone
		{ED364851-105F-4286-9851-40B37A3FBD42}.AppStore|x64.Build.0 = AppStore|iPhone
		{ED364851-105F-4286-9851-40B37A3FBD42}.AppStore|x64.Deploy.0 = AppStore|iPhone
		{ED364851-105F-4286-9851-40B37A3FBD42}.AppStore|x86.ActiveCfg = AppStore|iPhone
		{ED364851-105F-4286-9851-40B37A3FBD42}.AppStore|x86.Build.0 = AppStore|iPhone
		{ED364851-105F-4286-9851-40B37A3FBD42}.AppStore|x86.Deploy.0 = AppStore|iPhone
		{ED364851-105F-4286-9851-40B37A3FBD42}.Debug|Any CPU.ActiveCfg = Debug|iPhoneSimulator
		{ED364851-105F-4286-9851-40B37A3FBD42}.Debug|Any CPU.Build.0 = Debug|iPhoneSimulator
		{ED364851-105F-4286-9851-40B37A3FBD42}.Debug|Any CPU.Deploy.0 = Debug|iPhoneSimulator
		{ED364851-105F-4286-9851-40B37A3FBD42}.Debug|ARM.ActiveCfg = Debug|iPhone
		{ED364851-105F-4286-9851-40B37A3FBD42}.Debug|ARM.Build.0 = Debug|iPhone
		{ED364851-105F-4286-9851-40B37A3FBD42}.Debug|ARM.Deploy.0 = Debug|iPhone
		{ED364851-105F-4286-9851-40B37A3FBD42}.Debug|iPhone.ActiveCfg = Debug|iPhone
		{ED364851-105F-4286-9851-40B37A3FBD42}.Debug|iPhone.Build.0 = Debug|iPhone
		{ED364851-105F-4286-9851-40B37A3FBD42}.Debug|iPhone.Deploy.0 = Debug|iPhone
		{ED364851-105F-4286-9851-40B37A3FBD42}.Debug|iPhoneSimulator.ActiveCfg = Debug|iPhoneSimulator
		{ED364851-105F-4286-9851-40B37A3FBD42}.Debug|iPhoneSimulator.Build.0 = Debug|iPhoneSimulator
		{ED364851-105F-4286-9851-40B37A3FBD42}.Debug|iPhoneSimulator.Deploy.0 = Debug|iPhoneSimulator
		{ED364851-105F-4286-9851-40B37A3FBD42}.Debug|x64.ActiveCfg = Debug|iPhone
		{ED364851-105F-4286-9851-40B37A3FBD42}.Debug|x64.Build.0 = Debug|iPhone
		{ED364851-105F-4286-9851-40B37A3FBD42}.Debug|x64.Deploy.0 = Debug|iPhone
		{ED364851-105F-4286-9851-40B37A3FBD42}.Debug|x86.ActiveCfg = Debug|iPhone
		{ED364851-105F-4286-9851-40B37A3FBD42}.Debug|x86.Build.0 = Debug|iPhone
		{ED364851-105F-4286-9851-40B37A3FBD42}.Debug|x86.Deploy.0 = Debug|iPhone
		{ED364851-105F-4286-9851-40B37A3FBD42}.Release|Any CPU.ActiveCfg = Release|iPhone
		{ED364851-105F-4286-9851-40B37A3FBD42}.Release|Any CPU.Build.0 = Release|iPhone
		{ED364851-105F-4286-9851-40B37A3FBD42}.Release|Any CPU.Deploy.0 = Release|iPhone
		{ED364851-105F-4286-9851-40B37A3FBD42}.Release|ARM.ActiveCfg = Release|iPhone
		{ED364851-105F-4286-9851-40B37A3FBD42}.Release|ARM.Build.0 = Release|iPhone
		{ED364851-105F-4286-9851-40B37A3FBD42}.Release|ARM.Deploy.0 = Release|iPhone
		{ED364851-105F-4286-9851-40B37A3FBD42}.Release|iPhone.ActiveCfg = Release|iPhone
		{ED364851-105F-4286-9851-40B37A3FBD42}.Release|iPhone.Build.0 = Release|iPhone
		{ED364851-105F-4286-9851-40B37A3FBD42}.Release|iPhone.Deploy.0 = Release|iPhone
		{ED364851-105F-4286-9851-40B37A3FBD42}.Release|iPhoneSimulator.ActiveCfg = Release|iPhoneSimulator
		{ED364851-105F-4286-9851-40B37A3FBD42}.Release|iPhoneSimulator.Build.0 = Release|iPhoneSimulator
		{ED364851-105F-4286-9851-40B37A3FBD42}.Release|iPhoneSimulator.Deploy.0 = Release|iPhoneSimulator
		{ED364851-105F-4286-9851-40B37A3FBD42}.Release|x64.ActiveCfg = Release|iPhone
		{ED364851-105F-4286-9851-40B37A3FBD42}.Release|x64.Build.0 = Release|iPhone
		{ED364851-105F-4286-9851-40B37A3FBD42}.Release|x64.Deploy.0 = Release|iPhone
		{ED364851-105F-4286-9851-40B37A3FBD42}.Release|x86.ActiveCfg = Release|iPhone
		{ED364851-105F-4286-9851-40B37A3FBD42}.Release|x86.Build.0 = Release|iPhone
		{ED364851-105F-4286-9851-40B37A3FBD42}.Release|x86.Deploy.0 = Release|iPhone
		{9BFB587E-752E-4181-90C6-813AB41E5ACD}.Ad-Hoc|Any CPU.ActiveCfg = Release|x86
		{9BFB587E-752E-4181-90C6-813AB41E5ACD}.Ad-Hoc|Any CPU.Build.0 = Release|x86
		{9BFB587E-752E-4181-90C6-813AB41E5ACD}.Ad-Hoc|Any CPU.Deploy.0 = Release|x86
		{9BFB587E-752E-4181-90C6-813AB41E5ACD}.Ad-Hoc|ARM.ActiveCfg = Release|ARM
		{9BFB587E-752E-4181-90C6-813AB41E5ACD}.Ad-Hoc|ARM.Build.0 = Release|ARM
		{9BFB587E-752E-4181-90C6-813AB41E5ACD}.Ad-Hoc|ARM.Deploy.0 = Release|ARM
		{9BFB587E-752E-4181-90C6-813AB41E5ACD}.Ad-Hoc|iPhone.ActiveCfg = Release|x86
		{9BFB587E-752E-4181-90C6-813AB41E5ACD}.Ad-Hoc|iPhone.Build.0 = Release|x86
		{9BFB587E-752E-4181-90C6-813AB41E5ACD}.Ad-Hoc|iPhone.Deploy.0 = Release|x86
		{9BFB587E-752E-4181-90C6-813AB41E5ACD}.Ad-Hoc|iPhoneSimulator.ActiveCfg = Release|x86
		{9BFB587E-752E-4181-90C6-813AB41E5ACD}.Ad-Hoc|iPhoneSimulator.Build.0 = Release|x86
		{9BFB587E-752E-4181-90C6-813AB41E5ACD}.Ad-Hoc|iPhoneSimulator.Deploy.0 = Release|x86
		{9BFB587E-752E-4181-90C6-813AB41E5ACD}.Ad-Hoc|x64.ActiveCfg = Release|x64
		{9BFB587E-752E-4181-90C6-813AB41E5ACD}.Ad-Hoc|x64.Build.0 = Release|x64
		{9BFB587E-752E-4181-90C6-813AB41E5ACD}.Ad-Hoc|x64.Deploy.0 = Release|x64
		{9BFB587E-752E-4181-90C6-813AB41E5ACD}.Ad-Hoc|x86.ActiveCfg = Release|x86
		{9BFB587E-752E-4181-90C6-813AB41E5ACD}.Ad-Hoc|x86.Build.0 = Release|x86
		{9BFB587E-752E-4181-90C6-813AB41E5ACD}.Ad-Hoc|x86.Deploy.0 = Release|x86
		{9BFB587E-752E-4181-90C6-813AB41E5ACD}.AppStore|Any CPU.ActiveCfg = Release|x86
		{9BFB587E-752E-4181-90C6-813AB41E5ACD}.AppStore|Any CPU.Build.0 = Release|x86
		{9BFB587E-752E-4181-90C6-813AB41E5ACD}.AppStore|Any CPU.Deploy.0 = Release|x86
		{9BFB587E-752E-4181-90C6-813AB41E5ACD}.AppStore|ARM.ActiveCfg = Release|ARM
		{9BFB587E-752E-4181-90C6-813AB41E5ACD}.AppStore|ARM.Build.0 = Release|ARM
		{9BFB587E-752E-4181-90C6-813AB41E5ACD}.AppStore|ARM.Deploy.0 = Release|ARM
		{9BFB587E-752E-4181-90C6-813AB41E5ACD}.AppStore|iPhone.ActiveCfg = Release|x86
		{9BFB587E-752E-4181-90C6-813AB41E5ACD}.AppStore|iPhone.Build.0 = Release|x86
		{9BFB587E-752E-4181-90C6-813AB41E5ACD}.AppStore|iPhone.Deploy.0 = Release|x86
		{9BFB587E-752E-4181-90C6-813AB41E5ACD}.AppStore|iPhoneSimulator.ActiveCfg = Release|x86
		{9BFB587E-752E-4181-90C6-813AB41E5ACD}.AppStore|iPhoneSimulator.Build.0 = Release|x86
		{9BFB587E-752E-4181-90C6-813AB41E5ACD}.AppStore|iPhoneSimulator.Deploy.0 = Release|x86
		{9BFB587E-752E-4181-90C6-813AB41E5ACD}.AppStore|x64.ActiveCfg = Release|x64
		{9BFB587E-752E-4181-90C6-813AB41E5ACD}.AppStore|x64.Build.0 = Release|x64
		{9BFB587E-752E-4181-90C6-813AB41E5ACD}.AppStore|x64.Deploy.0 = Release|x64
		{9BFB587E-752E-4181-90C6-813AB41E5ACD}.AppStore|x86.ActiveCfg = Release|x86
		{9BFB587E-752E-4181-90C6-813AB41E5ACD}.AppStore|x86.Build.0 = Release|x86
		{9BFB587E-752E-4181-90C6-813AB41E5ACD}.AppStore|x86.Deploy.0 = Release|x86
		{9BFB587E-752E-4181-90C6-813AB41E5ACD}.Debug|Any CPU.ActiveCfg = Debug|x86
		{9BFB587E-752E-4181-90C6-813AB41E5ACD}.Debug|Any CPU.Build.0 = Debug|x86
		{9BFB587E-752E-4181-90C6-813AB41E5ACD}.Debug|Any CPU.Deploy.0 = Debug|x86
		{9BFB587E-752E-4181-90C6-813AB41E5ACD}.Debug|ARM.ActiveCfg = Debug|ARM
		{9BFB587E-752E-4181-90C6-813AB41E5ACD}.Debug|ARM.Build.0 = Debug|ARM
		{9BFB587E-752E-4181-90C6-813AB41E5ACD}.Debug|ARM.Deploy.0 = Debug|ARM
		{9BFB587E-752E-4181-90C6-813AB41E5ACD}.Debug|iPhone.ActiveCfg = Debug|x86
		{9BFB587E-752E-4181-90C6-813AB41E5ACD}.Debug|iPhone.Build.0 = Debug|x86
		{9BFB587E-752E-4181-90C6-813AB41E5ACD}.Debug|iPhone.Deploy.0 = Debug|x86
		{9BFB587E-752E-4181-90C6-813AB41E5ACD}.Debug|iPhoneSimulator.ActiveCfg = Debug|x86
		{9BFB587E-752E-4181-90C6-813AB41E5ACD}.Debug|iPhoneSimulator.Build.0 = Debug|x86
		{9BFB587E-752E-4181-90C6-813AB41E5ACD}.Debug|iPhoneSimulator.Deploy.0 = Debug|x86
		{9BFB587E-752E-4181-90C6-813AB41E5ACD}.Debug|x64.ActiveCfg = Debug|x64
		{9BFB587E-752E-4181-90C6-813AB41E5ACD}.Debug|x64.Build.0 = Debug|x64
		{9BFB587E-752E-4181-90C6-813AB41E5ACD}.Debug|x64.Deploy.0 = Debug|x64
		{9BFB587E-752E-4181-90C6-813AB41E5ACD}.Debug|x86.ActiveCfg = Debug|x86
		{9BFB587E-752E-4181-90C6-813AB41E5ACD}.Debug|x86.Build.0 = Debug|x86
		{9BFB587E-752E-4181-90C6-813AB41E5ACD}.Debug|x86.Deploy.0 = Debug|x86
		{9BFB587E-752E-4181-90C6-813AB41E5ACD}.Release|Any CPU.ActiveCfg = Release|x86
		{9BFB587E-752E-4181-90C6-813AB41E5ACD}.Release|Any CPU.Build.0 = Release|x86
		{9BFB587E-752E-4181-90C6-813AB41E5ACD}.Release|Any CPU.Deploy.0 = Release|x86
		{9BFB587E-752E-4181-90C6-813AB41E5ACD}.Release|ARM.ActiveCfg = Release|ARM
		{9BFB587E-752E-4181-90C6-813AB41E5ACD}.Release|ARM.Build.0 = Release|ARM
		{9BFB587E-752E-4181-90C6-813AB41E5ACD}.Release|ARM.Deploy.0 = Release|ARM
		{9BFB587E-752E-4181-90C6-813AB41E5ACD}.Release|iPhone.ActiveCfg = Release|x86
		{9BFB587E-752E-4181-90C6-813AB41E5ACD}.Release|iPhone.Build.0 = Release|x86
		{9BFB587E-752E-4181-90C6-813AB41E5ACD}.Release|iPhone.Deploy.0 = Release|x86
		{9BFB587E-752E-4181-90C6-813AB41E5ACD}.Release|iPhoneSimulator.ActiveCfg = Release|x86
		{9BFB587E-752E-4181-90C6-813AB41E5ACD}.Release|iPhoneSimulator.Build.0 = Release|x86
		{9BFB587E-752E-4181-90C6-813AB41E5ACD}.Release|iPhoneSimulator.Deploy.0 = Release|x86
		{9BFB587E-752E-4181-90C6-813AB41E5ACD}.Release|x64.ActiveCfg = Release|x64
		{9BFB587E-752E-4181-90C6-813AB41E5ACD}.Release|x64.Build.0 = Release|x64
		{9BFB587E-752E-4181-90C6-813AB41E5ACD}.Release|x64.Deploy.0 = Release|x64
		{9BFB587E-752E-4181-90C6-813AB41E5ACD}.Release|x86.ActiveCfg = Release|x86
		{9BFB587E-752E-4181-90C6-813AB41E5ACD}.Release|x86.Build.0 = Release|x86
		{9BFB587E-752E-4181-90C6-813AB41E5ACD}.Release|x86.Deploy.0 = Release|x86
	EndGlobalSection
	GlobalSection(SolutionProperties) = preSolution
		HideSolutionNode = FALSE
	EndGlobalSection
	GlobalSection(ExtensibilityGlobals) = postSolution
		SolutionGuid = {2883EE48-1702-46F4-ABD5-E8AC9A72F436}
	EndGlobalSection
EndGlobal
